
Microsoft Visual Studio Solution File, Format Version 12.00
# Visual Studio Version 17
VisualStudioVersion = 17.9.34723.18
MinimumVisualStudioVersion = 10.0.40219.1
Project("{FAE04EC0-301F-11D3-BF4B-00C04F79EFBC}") = "UDP_server", "UDP_server\UDP_server.csproj", "{46D11208-C9CA-4A42-91CE-B89AC5638AB8}"
EndProject
Project("{FAE04EC0-301F-11D3-BF4B-00C04F79EFBC}") = "UDP_client", "UDP_client\UDP_client.csproj", "{4482FF01-6676-4DD4-9A28-88EF804095ED}"
EndProject
Project("{FAE04EC0-301F-11D3-BF4B-00C04F79EFBC}") = "WF_UDP_client", "WF_UDP_client\WF_UDP_client.csproj", "{5C66C09A-241B-4411-AAF0-57C1F8F82A0E}"
EndProject
Global
	GlobalSection(SolutionConfigurationPlatforms) = preSolution
		Debug|Any CPU = Debug|Any CPU
		Release|Any CPU = Release|Any CPU
	EndGlobalSection
	GlobalSection(ProjectConfigurationPlatforms) = postSolution
		{46D11208-C9CA-4A42-91CE-B89AC5638AB8}.Debug|Any CPU.ActiveCfg = Debug|Any CPU
		{46D11208-C9CA-4A42-91CE-B89AC5638AB8}.Debug|Any CPU.Build.0 = Debug|Any CPU
		{46D11208-C9CA-4A42-91CE-B89AC5638AB8}.Release|Any CPU.ActiveCfg = Release|Any CPU
		{46D11208-C9CA-4A42-91CE-B89AC5638AB8}.Release|Any CPU.Build.0 = Release|Any CPU
		{4482FF01-6676-4DD4-9A28-88EF804095ED}.Debug|Any CPU.ActiveCfg = Debug|Any CPU
		{4482FF01-6676-4DD4-9A28-88EF804095ED}.Debug|Any CPU.Build.0 = Debug|Any CPU
		{4482FF01-6676-4DD4-9A28-88EF804095ED}.Release|Any CPU.ActiveCfg = Release|Any CPU
		{4482FF01-6676-4DD4-9A28-88EF804095ED}.Release|Any CPU.Build.0 = Release|Any CPU
		{5C66C09A-241B-4411-AAF0-57C1F8F82A0E}.Debug|Any CPU.ActiveCfg = Debug|Any CPU
		{5C66C09A-241B-4411-AAF0-57C1F8F82A0E}.Debug|Any CPU.Build.0 = Debug|Any CPU
		{5C66C09A-241B-4411-AAF0-57C1F8F82A0E}.Release|Any CPU.ActiveCfg = Release|Any CPU
		{5C66C09A-241B-4411-AAF0-57C1F8F82A0E}.Release|Any CPU.Build.0 = Release|Any CPU
	EndGlobalSection
	GlobalSection(SolutionProperties) = preSolution
		HideSolutionNode = FALSE
	EndGlobalSection
	GlobalSection(ExtensibilityGlobals) = postSolution
		SolutionGuid = {10CD3161-0B09-43D5-BC95-530D6D158555}
	EndGlobalSection
EndGlobal
